
Microsoft Visual Studio Solution File, Format Version 12.00
# Visual Studio Version 16
VisualStudioVersion = 16.0.29503.13
MinimumVisualStudioVersion = 10.0.40219.1
Project("{F2A71F9B-5D33-465A-A702-920D77279786}") = "NRKoukan", "NRKoukan\NRKoukan.fsproj", "{B65E22C7-5E92-4F7D-888A-C259EB56ADF6}"
EndProject
Global
	GlobalSection(SolutionConfigurationPlatforms) = preSolution
		Debug|Any CPU = Debug|Any CPU
		Release|Any CPU = Release|Any CPU
	EndGlobalSection
	GlobalSection(ProjectConfigurationPlatforms) = postSolution
		{B65E22C7-5E92-4F7D-888A-C259EB56ADF6}.Debug|Any CPU.ActiveCfg = Debug|Any CPU
		{B65E22C7-5E92-4F7D-888A-C259EB56ADF6}.Debug|Any CPU.Build.0 = Debug|Any CPU
		{B65E22C7-5E92-4F7D-888A-C259EB56ADF6}.Release|Any CPU.ActiveCfg = Release|Any CPU
		{B65E22C7-5E92-4F7D-888A-C259EB56ADF6}.Release|Any CPU.Build.0 = Release|Any CPU
	EndGlobalSection
	GlobalSection(SolutionProperties) = preSolution
		HideSolutionNode = FALSE
	EndGlobalSection
	GlobalSection(ExtensibilityGlobals) = postSolution
		SolutionGuid = {74989BDA-EEA2-4957-AE81-2D0627646874}
	EndGlobalSection
EndGlobal
